
Microsoft Visual Studio Solution File, Format Version 12.00
# Visual Studio Version 16
VisualStudioVersion = 16.0.32413.511
MinimumVisualStudioVersion = 10.0.40219.1
Project("{FAE04EC0-301F-11D3-BF4B-00C04F79EFBC}") = "Data Sorting", "Data Sorting.csproj", "{4E868C60-F3E0-46EE-B551-76838DAB393D}"
EndProject
Global
	GlobalSection(SolutionConfigurationPlatforms) = preSolution
		Debug|Any CPU = Debug|Any CPU
		Release|Any CPU = Release|Any CPU
	EndGlobalSection
	GlobalSection(ProjectConfigurationPlatforms) = postSolution
		{4E868C60-F3E0-46EE-B551-76838DAB393D}.Debug|Any CPU.ActiveCfg = Debug|Any CPU
		{4E868C60-F3E0-46EE-B551-76838DAB393D}.Debug|Any CPU.Build.0 = Debug|Any CPU
		{4E868C60-F3E0-46EE-B551-76838DAB393D}.Release|Any CPU.ActiveCfg = Release|Any CPU
		{4E868C60-F3E0-46EE-B551-76838DAB393D}.Release|Any CPU.Build.0 = Release|Any CPU
	EndGlobalSection
	GlobalSection(SolutionProperties) = preSolution
		HideSolutionNode = FALSE
	EndGlobalSection
	GlobalSection(ExtensibilityGlobals) = postSolution
		SolutionGuid = {49C7041F-69A7-4331-A92D-0796E72DC5EA}
	EndGlobalSection
EndGlobal
